
Microsoft Visual Studio Solution File, Format Version 12.00
# Visual Studio Version 16
VisualStudioVersion = 16.0.31729.503
MinimumVisualStudioVersion = 10.0.40219.1
Project("{FAE04EC0-301F-11D3-BF4B-00C04F79EFBC}") = "SnakeAndLadder", "SnakeAndLadder\SnakeAndLadder.csproj", "{03FB1C92-9604-4C26-91E6-BCDD957D30E5}"
EndProject
Global
	GlobalSection(SolutionConfigurationPlatforms) = preSolution
		Debug|Any CPU = Debug|Any CPU
		Release|Any CPU = Release|Any CPU
	EndGlobalSection
	GlobalSection(ProjectConfigurationPlatforms) = postSolution
		{03FB1C92-9604-4C26-91E6-BCDD957D30E5}.Debug|Any CPU.ActiveCfg = Debug|Any CPU
		{03FB1C92-9604-4C26-91E6-BCDD957D30E5}.Debug|Any CPU.Build.0 = Debug|Any CPU
		{03FB1C92-9604-4C26-91E6-BCDD957D30E5}.Release|Any CPU.ActiveCfg = Release|Any CPU
		{03FB1C92-9604-4C26-91E6-BCDD957D30E5}.Release|Any CPU.Build.0 = Release|Any CPU
	EndGlobalSection
	GlobalSection(SolutionProperties) = preSolution
		HideSolutionNode = FALSE
	EndGlobalSection
	GlobalSection(ExtensibilityGlobals) = postSolution
		SolutionGuid = {54EDCF88-8CB6-4EE3-B229-F841F1F86A36}
	EndGlobalSection
EndGlobal
